
Microsoft Visual Studio Solution File, Format Version 12.00
# Visual Studio 15
VisualStudioVersion = 15.0.28010.2046
MinimumVisualStudioVersion = 10.0.40219.1
Project("{2150E333-8FDC-42A3-9474-1A3956D46DE8}") = "Solution Items", "Solution Items", "{F72C002F-D87F-4AB8-81C2-A5D58A84B85E}"
	ProjectSection(SolutionItems) = preProject
		.dockerignore = .dockerignore
		.gitignore = .gitignore
		README.md = README.md
	EndProjectSection
EndProject
Project("{2150E333-8FDC-42A3-9474-1A3956D46DE8}") = "src", "src", "{7EB20F2B-8D82-446C-AB87-776A36932A67}"
EndProject
Project("{2150E333-8FDC-42A3-9474-1A3956D46DE8}") = "WebApps", "WebApps", "{15A4A1D1-9FDF-4BBD-90B0-630CA07DC7A2}"
EndProject
Project("{E53339B2-1760-4266-BCC7-CA923CBCF16C}") = "docker-compose", "docker-compose.dcproj", "{89AA1E15-96E9-45D1-9FC6-CFB5C664BDA9}"
EndProject
Project("{2150E333-8FDC-42A3-9474-1A3956D46DE8}") = ".circleci", ".circleci", "{E7CCBB66-1EE1-4F79-ABD7-CDBEBCF4869F}"
	ProjectSection(SolutionItems) = preProject
		.circleci\config.yml = .circleci\config.yml
	EndProjectSection
EndProject
Project("{2150E333-8FDC-42A3-9474-1A3956D46DE8}") = "BuildingBlocks", "BuildingBlocks", "{F9DBAE4A-2F4F-44D7-82BF-47859653F003}"
EndProject
Project("{2150E333-8FDC-42A3-9474-1A3956D46DE8}") = "Services", "Services", "{A24F82DA-7208-446E-8F6B-4B48E27FFAF7}"
EndProject
Project("{2150E333-8FDC-42A3-9474-1A3956D46DE8}") = "Resilience", "Resilience", "{2790B2D2-D63A-4728-A901-92DC6148675F}"
EndProject
Project("{2150E333-8FDC-42A3-9474-1A3956D46DE8}") = "WebHost", "WebHost", "{6416373F-E422-4A0C-B2C8-EDE35B3E6F71}"
EndProject
Project("{9A19103F-16F7-4668-BE54-9A1E7A4F7556}") = "WebHost.Customization", "src\BuildingBlocks\WebHost\WebHost.Customization\WebHost.Customization.csproj", "{78958487-B362-41D2-9788-37137BC011F4}"
EndProject
Project("{9A19103F-16F7-4668-BE54-9A1E7A4F7556}") = "Resilience.Http", "src\BuildingBlocks\Resilience\Resilience.Http\Resilience.Http.csproj", "{DEDD4D6C-6154-4368-B228-BA6D84268AEA}"
EndProject
Project("{2150E333-8FDC-42A3-9474-1A3956D46DE8}") = "Identity", "Identity", "{0F3DAB28-193B-4C00-896E-1882DD7301A6}"
EndProject
Project("{9A19103F-16F7-4668-BE54-9A1E7A4F7556}") = "Identity.API", "src\Services\Identity\Identity.API\Identity.API.csproj", "{9CA4B454-380B-40C3-BDF9-F8592B6A2508}"
EndProject
Project("{2150E333-8FDC-42A3-9474-1A3956D46DE8}") = "WebSPA", "WebSPA", "{3BD20B41-63EF-4100-ADF4-074737A3B793}"
	ProjectSection(SolutionItems) = preProject
		src\WebApps\WebSPA\.env = src\WebApps\WebSPA\.env
		src\WebApps\WebSPA\.eslintrc = src\WebApps\WebSPA\.eslintrc
		src\WebApps\WebSPA\Dockerfile = src\WebApps\WebSPA\Dockerfile
		src\WebApps\WebSPA\package-lock.json = src\WebApps\WebSPA\package-lock.json
		src\WebApps\WebSPA\package.json = src\WebApps\WebSPA\package.json
		src\WebApps\WebSPA\README.md = src\WebApps\WebSPA\README.md
	EndProjectSection
EndProject
Project("{2150E333-8FDC-42A3-9474-1A3956D46DE8}") = "src", "src", "{8C8D6E46-8C8E-4CE5-920D-7ADD8F51571D}"
	ProjectSection(SolutionItems) = preProject
		src\WebApps\WebSPA\src\App.css = src\WebApps\WebSPA\src\App.css
		src\WebApps\WebSPA\src\App.js = src\WebApps\WebSPA\src\App.js
		src\WebApps\WebSPA\src\App.test.js = src\WebApps\WebSPA\src\App.test.js
		src\WebApps\WebSPA\src\index.css = src\WebApps\WebSPA\src\index.css
		src\WebApps\WebSPA\src\index.js = src\WebApps\WebSPA\src\index.js
		src\WebApps\WebSPA\src\logo.svg = src\WebApps\WebSPA\src\logo.svg
		src\WebApps\WebSPA\src\serviceWorker.js = src\WebApps\WebSPA\src\serviceWorker.js
	EndProjectSection
EndProject
Project("{2150E333-8FDC-42A3-9474-1A3956D46DE8}") = "public", "public", "{EA34CF06-DC29-41D1-A9A1-69FDD575FBBB}"
	ProjectSection(SolutionItems) = preProject
		src\WebApps\WebSPA\public\favicon.ico = src\WebApps\WebSPA\public\favicon.ico
		src\WebApps\WebSPA\public\index.html = src\WebApps\WebSPA\public\index.html
		src\WebApps\WebSPA\public\manifest.json = src\WebApps\WebSPA\public\manifest.json
	EndProjectSection
EndProject
Project("{2150E333-8FDC-42A3-9474-1A3956D46DE8}") = "components", "components", "{751ED4E2-A8EA-44F8-AE0C-6DD079908BEC}"
EndProject
Project("{2150E333-8FDC-42A3-9474-1A3956D46DE8}") = "routing", "routing", "{283E6481-0495-4AE3-AB9A-7ED4D5FEA07A}"
	ProjectSection(SolutionItems) = preProject
		src\WebApps\WebSPA\src\routing\AppRoutes.js = src\WebApps\WebSPA\src\routing\AppRoutes.js
	EndProjectSection
EndProject
Project("{2150E333-8FDC-42A3-9474-1A3956D46DE8}") = "utils", "utils", "{7C01A4EB-0916-4676-BFC3-98B46E1CFDEB}"
	ProjectSection(SolutionItems) = preProject
		src\WebApps\WebSPA\src\utils\globalConstants.js = src\WebApps\WebSPA\src\utils\globalConstants.js
		src\WebApps\WebSPA\src\utils\snake.js = src\WebApps\WebSPA\src\utils\snake.js
	EndProjectSection
EndProject
Project("{2150E333-8FDC-42A3-9474-1A3956D46DE8}") = "services", "services", "{C7425C0A-43B3-42DE-AFD0-68C1CA2E20B3}"
	ProjectSection(SolutionItems) = preProject
		src\WebApps\WebSPA\src\services\authService.js = src\WebApps\WebSPA\src\services\authService.js
		src\WebApps\WebSPA\src\services\requestService.js = src\WebApps\WebSPA\src\services\requestService.js
		src\WebApps\WebSPA\src\services\storageService.js = src\WebApps\WebSPA\src\services\storageService.js
	EndProjectSection
EndProject
Project("{2150E333-8FDC-42A3-9474-1A3956D46DE8}") = "auth", "auth", "{F9E2D82D-7510-4DDC-A6E1-C3032D63AC7B}"
	ProjectSection(SolutionItems) = preProject
		src\WebApps\WebSPA\src\components\auth\Home.js = src\WebApps\WebSPA\src\components\auth\Home.js
		src\WebApps\WebSPA\src\components\auth\Login.js = src\WebApps\WebSPA\src\components\auth\Login.js
		src\WebApps\WebSPA\src\components\auth\Register.js = src\WebApps\WebSPA\src\components\auth\Register.js
	EndProjectSection
EndProject
Project("{2150E333-8FDC-42A3-9474-1A3956D46DE8}") = "game", "game", "{2DD043B0-9782-4AF5-B552-DCB0AD129BF9}"
	ProjectSection(SolutionItems) = preProject
		src\WebApps\WebSPA\src\components\game\SnakeGame.js = src\WebApps\WebSPA\src\components\game\SnakeGame.js
		src\WebApps\WebSPA\src\components\game\StartGame.js = src\WebApps\WebSPA\src\components\game\StartGame.js
	EndProjectSection
EndProject
Project("{2150E333-8FDC-42A3-9474-1A3956D46DE8}") = "navigation", "navigation", "{2672B3E1-E0B3-4213-85D0-7F57069243AC}"
	ProjectSection(SolutionItems) = preProject
		src\WebApps\WebSPA\src\components\navigation\Navigation.js = src\WebApps\WebSPA\src\components\navigation\Navigation.js
	EndProjectSection
EndProject
Project("{2150E333-8FDC-42A3-9474-1A3956D46DE8}") = "config", "config", "{DA935617-1065-4CBA-AE1C-16E3EB2868F9}"
	ProjectSection(SolutionItems) = preProject
		src\WebApps\WebSPA\src\routing\config\ProtectedRoute.js = src\WebApps\WebSPA\src\routing\config\ProtectedRoute.js
		src\WebApps\WebSPA\src\routing\config\PublicRoute.js = src\WebApps\WebSPA\src\routing\config\PublicRoute.js
	EndProjectSection
EndProject
Project("{2150E333-8FDC-42A3-9474-1A3956D46DE8}") = "Scores", "Scores", "{02B5512E-B5BD-487A-96E7-C1092D897711}"
EndProject
Project("{2150E333-8FDC-42A3-9474-1A3956D46DE8}") = "Data", "Data", "{6DCAEBEC-E600-4B51-B2B8-2DBF78824321}"
EndProject
Project("{2150E333-8FDC-42A3-9474-1A3956D46DE8}") = "Services", "Services", "{9721853E-CEB1-413A-A379-97F7F894F482}"
EndProject
Project("{9A19103F-16F7-4668-BE54-9A1E7A4F7556}") = "Score.API", "src\Services\Scores\Score.API\Score.API.csproj", "{48BB4BE3-D2D3-48B4-93B5-094C15CB6F1E}"
EndProject
Project("{9A19103F-16F7-4668-BE54-9A1E7A4F7556}") = "Score.Services.Data", "src\Services\Scores\Services\Score.Services.Data\Score.Services.Data.csproj", "{4BF8497D-00AE-457B-BDEB-3130E60457B1}"
EndProject
Project("{9A19103F-16F7-4668-BE54-9A1E7A4F7556}") = "Score.Data.Common", "src\Services\Scores\Data\Score.Data.Common\Score.Data.Common.csproj", "{6E617976-DFEF-4670-BEA1-28B99A276ACA}"
EndProject
Project("{9A19103F-16F7-4668-BE54-9A1E7A4F7556}") = "Score.Data.Models", "src\Services\Scores\Data\Score.Data.Models\Score.Data.Models.csproj", "{3A20E0D8-879D-474C-A04F-DF9357471F12}"
EndProject
Project("{9A19103F-16F7-4668-BE54-9A1E7A4F7556}") = "Score.Data", "src\Services\Scores\Data\Score.Data\Score.Data.csproj", "{CEE47AFE-F308-46A2-87A1-92E1AED7AE81}"
EndProject
Global
	GlobalSection(SolutionConfigurationPlatforms) = preSolution
		Debug|Any CPU = Debug|Any CPU
		Debug|x64 = Debug|x64
		Release|Any CPU = Release|Any CPU
		Release|x64 = Release|x64
	EndGlobalSection
	GlobalSection(ProjectConfigurationPlatforms) = postSolution
		{89AA1E15-96E9-45D1-9FC6-CFB5C664BDA9}.Debug|Any CPU.ActiveCfg = Debug|Any CPU
		{89AA1E15-96E9-45D1-9FC6-CFB5C664BDA9}.Debug|Any CPU.Build.0 = Debug|Any CPU
		{89AA1E15-96E9-45D1-9FC6-CFB5C664BDA9}.Debug|x64.ActiveCfg = Debug|Any CPU
		{89AA1E15-96E9-45D1-9FC6-CFB5C664BDA9}.Debug|x64.Build.0 = Debug|Any CPU
		{89AA1E15-96E9-45D1-9FC6-CFB5C664BDA9}.Release|Any CPU.ActiveCfg = Release|Any CPU
		{89AA1E15-96E9-45D1-9FC6-CFB5C664BDA9}.Release|Any CPU.Build.0 = Release|Any CPU
		{89AA1E15-96E9-45D1-9FC6-CFB5C664BDA9}.Release|x64.ActiveCfg = Release|Any CPU
		{89AA1E15-96E9-45D1-9FC6-CFB5C664BDA9}.Release|x64.Build.0 = Release|Any CPU
		{78958487-B362-41D2-9788-37137BC011F4}.Debug|Any CPU.ActiveCfg = Debug|Any CPU
		{78958487-B362-41D2-9788-37137BC011F4}.Debug|Any CPU.Build.0 = Debug|Any CPU
		{78958487-B362-41D2-9788-37137BC011F4}.Debug|x64.ActiveCfg = Debug|Any CPU
		{78958487-B362-41D2-9788-37137BC011F4}.Debug|x64.Build.0 = Debug|Any CPU
		{78958487-B362-41D2-9788-37137BC011F4}.Release|Any CPU.ActiveCfg = Release|Any CPU
		{78958487-B362-41D2-9788-37137BC011F4}.Release|Any CPU.Build.0 = Release|Any CPU
		{78958487-B362-41D2-9788-37137BC011F4}.Release|x64.ActiveCfg = Release|Any CPU
		{78958487-B362-41D2-9788-37137BC011F4}.Release|x64.Build.0 = Release|Any CPU
		{DEDD4D6C-6154-4368-B228-BA6D84268AEA}.Debug|Any CPU.ActiveCfg = Debug|Any CPU
		{DEDD4D6C-6154-4368-B228-BA6D84268AEA}.Debug|Any CPU.Build.0 = Debug|Any CPU
		{DEDD4D6C-6154-4368-B228-BA6D84268AEA}.Debug|x64.ActiveCfg = Debug|Any CPU
		{DEDD4D6C-6154-4368-B228-BA6D84268AEA}.Debug|x64.Build.0 = Debug|Any CPU
		{DEDD4D6C-6154-4368-B228-BA6D84268AEA}.Release|Any CPU.ActiveCfg = Release|Any CPU
		{DEDD4D6C-6154-4368-B228-BA6D84268AEA}.Release|Any CPU.Build.0 = Release|Any CPU
		{DEDD4D6C-6154-4368-B228-BA6D84268AEA}.Release|x64.ActiveCfg = Release|Any CPU
		{DEDD4D6C-6154-4368-B228-BA6D84268AEA}.Release|x64.Build.0 = Release|Any CPU
		{9CA4B454-380B-40C3-BDF9-F8592B6A2508}.Debug|Any CPU.ActiveCfg = Debug|Any CPU
		{9CA4B454-380B-40C3-BDF9-F8592B6A2508}.Debug|Any CPU.Build.0 = Debug|Any CPU
		{9CA4B454-380B-40C3-BDF9-F8592B6A2508}.Debug|x64.ActiveCfg = Debug|Any CPU
		{9CA4B454-380B-40C3-BDF9-F8592B6A2508}.Debug|x64.Build.0 = Debug|Any CPU
		{9CA4B454-380B-40C3-BDF9-F8592B6A2508}.Release|Any CPU.ActiveCfg = Release|Any CPU
		{9CA4B454-380B-40C3-BDF9-F8592B6A2508}.Release|Any CPU.Build.0 = Release|Any CPU
		{9CA4B454-380B-40C3-BDF9-F8592B6A2508}.Release|x64.ActiveCfg = Release|Any CPU
		{9CA4B454-380B-40C3-BDF9-F8592B6A2508}.Release|x64.Build.0 = Release|Any CPU
		{48BB4BE3-D2D3-48B4-93B5-094C15CB6F1E}.Debug|Any CPU.ActiveCfg = Debug|Any CPU
		{48BB4BE3-D2D3-48B4-93B5-094C15CB6F1E}.Debug|Any CPU.Build.0 = Debug|Any CPU
		{48BB4BE3-D2D3-48B4-93B5-094C15CB6F1E}.Debug|x64.ActiveCfg = Debug|Any CPU
		{48BB4BE3-D2D3-48B4-93B5-094C15CB6F1E}.Debug|x64.Build.0 = Debug|Any CPU
		{48BB4BE3-D2D3-48B4-93B5-094C15CB6F1E}.Release|Any CPU.ActiveCfg = Release|Any CPU
		{48BB4BE3-D2D3-48B4-93B5-094C15CB6F1E}.Release|Any CPU.Build.0 = Release|Any CPU
		{48BB4BE3-D2D3-48B4-93B5-094C15CB6F1E}.Release|x64.ActiveCfg = Release|Any CPU
		{48BB4BE3-D2D3-48B4-93B5-094C15CB6F1E}.Release|x64.Build.0 = Release|Any CPU
		{4BF8497D-00AE-457B-BDEB-3130E60457B1}.Debug|Any CPU.ActiveCfg = Debug|Any CPU
		{4BF8497D-00AE-457B-BDEB-3130E60457B1}.Debug|Any CPU.Build.0 = Debug|Any CPU
		{4BF8497D-00AE-457B-BDEB-3130E60457B1}.Debug|x64.ActiveCfg = Debug|Any CPU
		{4BF8497D-00AE-457B-BDEB-3130E60457B1}.Debug|x64.Build.0 = Debug|Any CPU
		{4BF8497D-00AE-457B-BDEB-3130E60457B1}.Release|Any CPU.ActiveCfg = Release|Any CPU
		{4BF8497D-00AE-457B-BDEB-3130E60457B1}.Release|Any CPU.Build.0 = Release|Any CPU
		{4BF8497D-00AE-457B-BDEB-3130E60457B1}.Release|x64.ActiveCfg = Release|Any CPU
		{4BF8497D-00AE-457B-BDEB-3130E60457B1}.Release|x64.Build.0 = Release|Any CPU
		{6E617976-DFEF-4670-BEA1-28B99A276ACA}.Debug|Any CPU.ActiveCfg = Debug|Any CPU
		{6E617976-DFEF-4670-BEA1-28B99A276ACA}.Debug|Any CPU.Build.0 = Debug|Any CPU
		{6E617976-DFEF-4670-BEA1-28B99A276ACA}.Debug|x64.ActiveCfg = Debug|Any CPU
		{6E617976-DFEF-4670-BEA1-28B99A276ACA}.Debug|x64.Build.0 = Debug|Any CPU
		{6E617976-DFEF-4670-BEA1-28B99A276ACA}.Release|Any CPU.ActiveCfg = Release|Any CPU
		{6E617976-DFEF-4670-BEA1-28B99A276ACA}.Release|Any CPU.Build.0 = Release|Any CPU
		{6E617976-DFEF-4670-BEA1-28B99A276ACA}.Release|x64.ActiveCfg = Release|Any CPU
		{6E617976-DFEF-4670-BEA1-28B99A276ACA}.Release|x64.Build.0 = Release|Any CPU
		{3A20E0D8-879D-474C-A04F-DF9357471F12}.Debug|Any CPU.ActiveCfg = Debug|Any CPU
		{3A20E0D8-879D-474C-A04F-DF9357471F12}.Debug|Any CPU.Build.0 = Debug|Any CPU
		{3A20E0D8-879D-474C-A04F-DF9357471F12}.Debug|x64.ActiveCfg = Debug|Any CPU
		{3A20E0D8-879D-474C-A04F-DF9357471F12}.Debug|x64.Build.0 = Debug|Any CPU
		{3A20E0D8-879D-474C-A04F-DF9357471F12}.Release|Any CPU.ActiveCfg = Release|Any CPU
		{3A20E0D8-879D-474C-A04F-DF9357471F12}.Release|Any CPU.Build.0 = Release|Any CPU
		{3A20E0D8-879D-474C-A04F-DF9357471F12}.Release|x64.ActiveCfg = Release|Any CPU
		{3A20E0D8-879D-474C-A04F-DF9357471F12}.Release|x64.Build.0 = Release|Any CPU
		{CEE47AFE-F308-46A2-87A1-92E1AED7AE81}.Debug|Any CPU.ActiveCfg = Debug|Any CPU
		{CEE47AFE-F308-46A2-87A1-92E1AED7AE81}.Debug|Any CPU.Build.0 = Debug|Any CPU
		{CEE47AFE-F308-46A2-87A1-92E1AED7AE81}.Debug|x64.ActiveCfg = Debug|Any CPU
		{CEE47AFE-F308-46A2-87A1-92E1AED7AE81}.Debug|x64.Build.0 = Debug|Any CPU
		{CEE47AFE-F308-46A2-87A1-92E1AED7AE81}.Release|Any CPU.ActiveCfg = Release|Any CPU
		{CEE47AFE-F308-46A2-87A1-92E1AED7AE81}.Release|Any CPU.Build.0 = Release|Any CPU
		{CEE47AFE-F308-46A2-87A1-92E1AED7AE81}.Release|x64.ActiveCfg = Release|Any CPU
		{CEE47AFE-F308-46A2-87A1-92E1AED7AE81}.Release|x64.Build.0 = Release|Any CPU
	EndGlobalSection
	GlobalSection(SolutionProperties) = preSolution
		HideSolutionNode = FALSE
	EndGlobalSection
	GlobalSection(NestedProjects) = preSolution
		{15A4A1D1-9FDF-4BBD-90B0-630CA07DC7A2} = {7EB20F2B-8D82-446C-AB87-776A36932A67}
		{F9DBAE4A-2F4F-44D7-82BF-47859653F003} = {7EB20F2B-8D82-446C-AB87-776A36932A67}
		{A24F82DA-7208-446E-8F6B-4B48E27FFAF7} = {7EB20F2B-8D82-446C-AB87-776A36932A67}
		{2790B2D2-D63A-4728-A901-92DC6148675F} = {F9DBAE4A-2F4F-44D7-82BF-47859653F003}
		{6416373F-E422-4A0C-B2C8-EDE35B3E6F71} = {F9DBAE4A-2F4F-44D7-82BF-47859653F003}
		{78958487-B362-41D2-9788-37137BC011F4} = {6416373F-E422-4A0C-B2C8-EDE35B3E6F71}
		{DEDD4D6C-6154-4368-B228-BA6D84268AEA} = {2790B2D2-D63A-4728-A901-92DC6148675F}
		{0F3DAB28-193B-4C00-896E-1882DD7301A6} = {A24F82DA-7208-446E-8F6B-4B48E27FFAF7}
		{9CA4B454-380B-40C3-BDF9-F8592B6A2508} = {0F3DAB28-193B-4C00-896E-1882DD7301A6}
		{3BD20B41-63EF-4100-ADF4-074737A3B793} = {15A4A1D1-9FDF-4BBD-90B0-630CA07DC7A2}
		{8C8D6E46-8C8E-4CE5-920D-7ADD8F51571D} = {3BD20B41-63EF-4100-ADF4-074737A3B793}
		{EA34CF06-DC29-41D1-A9A1-69FDD575FBBB} = {3BD20B41-63EF-4100-ADF4-074737A3B793}
		{751ED4E2-A8EA-44F8-AE0C-6DD079908BEC} = {8C8D6E46-8C8E-4CE5-920D-7ADD8F51571D}
		{283E6481-0495-4AE3-AB9A-7ED4D5FEA07A} = {8C8D6E46-8C8E-4CE5-920D-7ADD8F51571D}
		{7C01A4EB-0916-4676-BFC3-98B46E1CFDEB} = {8C8D6E46-8C8E-4CE5-920D-7ADD8F51571D}
		{C7425C0A-43B3-42DE-AFD0-68C1CA2E20B3} = {8C8D6E46-8C8E-4CE5-920D-7ADD8F51571D}
		{F9E2D82D-7510-4DDC-A6E1-C3032D63AC7B} = {751ED4E2-A8EA-44F8-AE0C-6DD079908BEC}
		{2DD043B0-9782-4AF5-B552-DCB0AD129BF9} = {751ED4E2-A8EA-44F8-AE0C-6DD079908BEC}
		{2672B3E1-E0B3-4213-85D0-7F57069243AC} = {751ED4E2-A8EA-44F8-AE0C-6DD079908BEC}
		{DA935617-1065-4CBA-AE1C-16E3EB2868F9} = {283E6481-0495-4AE3-AB9A-7ED4D5FEA07A}
		{02B5512E-B5BD-487A-96E7-C1092D897711} = {A24F82DA-7208-446E-8F6B-4B48E27FFAF7}
		{6DCAEBEC-E600-4B51-B2B8-2DBF78824321} = {02B5512E-B5BD-487A-96E7-C1092D897711}
		{9721853E-CEB1-413A-A379-97F7F894F482} = {02B5512E-B5BD-487A-96E7-C1092D897711}
		{48BB4BE3-D2D3-48B4-93B5-094C15CB6F1E} = {02B5512E-B5BD-487A-96E7-C1092D897711}
		{4BF8497D-00AE-457B-BDEB-3130E60457B1} = {9721853E-CEB1-413A-A379-97F7F894F482}
		{6E617976-DFEF-4670-BEA1-28B99A276ACA} = {6DCAEBEC-E600-4B51-B2B8-2DBF78824321}
		{3A20E0D8-879D-474C-A04F-DF9357471F12} = {6DCAEBEC-E600-4B51-B2B8-2DBF78824321}
		{CEE47AFE-F308-46A2-87A1-92E1AED7AE81} = {6DCAEBEC-E600-4B51-B2B8-2DBF78824321}
	EndGlobalSection
	GlobalSection(ExtensibilityGlobals) = postSolution
		SolutionGuid = {0106D7F1-2346-4E62-A2C5-CE432224A23A}
	EndGlobalSection
EndGlobal
