
Microsoft Visual Studio Solution File, Format Version 12.00
# Visual Studio 15
VisualStudioVersion = 15.0.28010.2046
MinimumVisualStudioVersion = 10.0.40219.1
Project("{2150E333-8FDC-42A3-9474-1A3956D46DE8}") = "Solution Items", "Solution Items", "{F72C002F-D87F-4AB8-81C2-A5D58A84B85E}"
	ProjectSection(SolutionItems) = preProject
		.dockerignore = .dockerignore
		.gitignore = .gitignore
		README.md = README.md
	EndProjectSection
EndProject
Project("{2150E333-8FDC-42A3-9474-1A3956D46DE8}") = "src", "src", "{7EB20F2B-8D82-446C-AB87-776A36932A67}"
EndProject
Project("{2150E333-8FDC-42A3-9474-1A3956D46DE8}") = "WebApps", "WebApps", "{15A4A1D1-9FDF-4BBD-90B0-630CA07DC7A2}"
EndProject
Project("{E53339B2-1760-4266-BCC7-CA923CBCF16C}") = "docker-compose", "docker-compose.dcproj", "{89AA1E15-96E9-45D1-9FC6-CFB5C664BDA9}"
EndProject
Project("{2150E333-8FDC-42A3-9474-1A3956D46DE8}") = "WebSPA", "WebSPA", "{18D1D670-BE5A-4FF5-94DB-16FEAEB1FED3}"
	ProjectSection(SolutionItems) = preProject
		src\WebApps\WebSPA\Dockerfile = src\WebApps\WebSPA\Dockerfile
		src\WebApps\WebSPA\package-lock.json = src\WebApps\WebSPA\package-lock.json
		src\WebApps\WebSPA\package.json = src\WebApps\WebSPA\package.json
		src\WebApps\WebSPA\README.md = src\WebApps\WebSPA\README.md
	EndProjectSection
EndProject
Project("{2150E333-8FDC-42A3-9474-1A3956D46DE8}") = "src", "src", "{40DC3B3F-BDD1-4827-9902-7AC1D777A0BB}"
	ProjectSection(SolutionItems) = preProject
		src\WebApps\WebSPA\src\App.css = src\WebApps\WebSPA\src\App.css
		src\WebApps\WebSPA\src\App.js = src\WebApps\WebSPA\src\App.js
		src\WebApps\WebSPA\src\App.test.js = src\WebApps\WebSPA\src\App.test.js
		src\WebApps\WebSPA\src\index.css = src\WebApps\WebSPA\src\index.css
		src\WebApps\WebSPA\src\index.js = src\WebApps\WebSPA\src\index.js
		src\WebApps\WebSPA\src\logo.svg = src\WebApps\WebSPA\src\logo.svg
		src\WebApps\WebSPA\src\serviceWorker.js = src\WebApps\WebSPA\src\serviceWorker.js
	EndProjectSection
EndProject
Project("{2150E333-8FDC-42A3-9474-1A3956D46DE8}") = "public", "public", "{D5FB4C34-E927-4B05-B703-3431E0941C44}"
	ProjectSection(SolutionItems) = preProject
		src\WebApps\WebSPA\public\favicon.ico = src\WebApps\WebSPA\public\favicon.ico
		src\WebApps\WebSPA\public\index.html = src\WebApps\WebSPA\public\index.html
		src\WebApps\WebSPA\public\manifest.json = src\WebApps\WebSPA\public\manifest.json
	EndProjectSection
EndProject
Project("{2150E333-8FDC-42A3-9474-1A3956D46DE8}") = ".circleci", ".circleci", "{E7CCBB66-1EE1-4F79-ABD7-CDBEBCF4869F}"
	ProjectSection(SolutionItems) = preProject
		.circleci\config.yml = .circleci\config.yml
	EndProjectSection
EndProject
Project("{2150E333-8FDC-42A3-9474-1A3956D46DE8}") = "BuildingBlocks", "BuildingBlocks", "{F9DBAE4A-2F4F-44D7-82BF-47859653F003}"
EndProject
Project("{2150E333-8FDC-42A3-9474-1A3956D46DE8}") = "Services", "Services", "{A24F82DA-7208-446E-8F6B-4B48E27FFAF7}"
EndProject
Project("{2150E333-8FDC-42A3-9474-1A3956D46DE8}") = "Resilience", "Resilience", "{2790B2D2-D63A-4728-A901-92DC6148675F}"
EndProject
Project("{2150E333-8FDC-42A3-9474-1A3956D46DE8}") = "WebHost", "WebHost", "{6416373F-E422-4A0C-B2C8-EDE35B3E6F71}"
EndProject
Project("{9A19103F-16F7-4668-BE54-9A1E7A4F7556}") = "WebHost.Customization", "src\BuildingBlocks\WebHost\WebHost.Customization\WebHost.Customization.csproj", "{78958487-B362-41D2-9788-37137BC011F4}"
EndProject
Project("{9A19103F-16F7-4668-BE54-9A1E7A4F7556}") = "Resilience.Http", "src\BuildingBlocks\Resilience\Resilience.Http\Resilience.Http.csproj", "{DEDD4D6C-6154-4368-B228-BA6D84268AEA}"
EndProject
Project("{2150E333-8FDC-42A3-9474-1A3956D46DE8}") = "Identity", "Identity", "{0F3DAB28-193B-4C00-896E-1882DD7301A6}"
EndProject
Project("{9A19103F-16F7-4668-BE54-9A1E7A4F7556}") = "Identity.API", "src\Services\Identity\Identity.API\Identity.API.csproj", "{9CA4B454-380B-40C3-BDF9-F8592B6A2508}"
EndProject
Global
	GlobalSection(SolutionConfigurationPlatforms) = preSolution
		Debug|Any CPU = Debug|Any CPU
		Release|Any CPU = Release|Any CPU
	EndGlobalSection
	GlobalSection(ProjectConfigurationPlatforms) = postSolution
		{89AA1E15-96E9-45D1-9FC6-CFB5C664BDA9}.Debug|Any CPU.ActiveCfg = Debug|Any CPU
		{89AA1E15-96E9-45D1-9FC6-CFB5C664BDA9}.Debug|Any CPU.Build.0 = Debug|Any CPU
		{89AA1E15-96E9-45D1-9FC6-CFB5C664BDA9}.Release|Any CPU.ActiveCfg = Release|Any CPU
		{89AA1E15-96E9-45D1-9FC6-CFB5C664BDA9}.Release|Any CPU.Build.0 = Release|Any CPU
		{78958487-B362-41D2-9788-37137BC011F4}.Debug|Any CPU.ActiveCfg = Debug|Any CPU
		{78958487-B362-41D2-9788-37137BC011F4}.Debug|Any CPU.Build.0 = Debug|Any CPU
		{78958487-B362-41D2-9788-37137BC011F4}.Release|Any CPU.ActiveCfg = Release|Any CPU
		{78958487-B362-41D2-9788-37137BC011F4}.Release|Any CPU.Build.0 = Release|Any CPU
		{DEDD4D6C-6154-4368-B228-BA6D84268AEA}.Debug|Any CPU.ActiveCfg = Debug|Any CPU
		{DEDD4D6C-6154-4368-B228-BA6D84268AEA}.Debug|Any CPU.Build.0 = Debug|Any CPU
		{DEDD4D6C-6154-4368-B228-BA6D84268AEA}.Release|Any CPU.ActiveCfg = Release|Any CPU
		{DEDD4D6C-6154-4368-B228-BA6D84268AEA}.Release|Any CPU.Build.0 = Release|Any CPU
		{9CA4B454-380B-40C3-BDF9-F8592B6A2508}.Debug|Any CPU.ActiveCfg = Debug|Any CPU
		{9CA4B454-380B-40C3-BDF9-F8592B6A2508}.Debug|Any CPU.Build.0 = Debug|Any CPU
		{9CA4B454-380B-40C3-BDF9-F8592B6A2508}.Release|Any CPU.ActiveCfg = Release|Any CPU
		{9CA4B454-380B-40C3-BDF9-F8592B6A2508}.Release|Any CPU.Build.0 = Release|Any CPU
	EndGlobalSection
	GlobalSection(SolutionProperties) = preSolution
		HideSolutionNode = FALSE
	EndGlobalSection
	GlobalSection(NestedProjects) = preSolution
		{15A4A1D1-9FDF-4BBD-90B0-630CA07DC7A2} = {7EB20F2B-8D82-446C-AB87-776A36932A67}
		{18D1D670-BE5A-4FF5-94DB-16FEAEB1FED3} = {15A4A1D1-9FDF-4BBD-90B0-630CA07DC7A2}
		{40DC3B3F-BDD1-4827-9902-7AC1D777A0BB} = {18D1D670-BE5A-4FF5-94DB-16FEAEB1FED3}
		{D5FB4C34-E927-4B05-B703-3431E0941C44} = {18D1D670-BE5A-4FF5-94DB-16FEAEB1FED3}
		{F9DBAE4A-2F4F-44D7-82BF-47859653F003} = {7EB20F2B-8D82-446C-AB87-776A36932A67}
		{A24F82DA-7208-446E-8F6B-4B48E27FFAF7} = {7EB20F2B-8D82-446C-AB87-776A36932A67}
		{2790B2D2-D63A-4728-A901-92DC6148675F} = {F9DBAE4A-2F4F-44D7-82BF-47859653F003}
		{6416373F-E422-4A0C-B2C8-EDE35B3E6F71} = {F9DBAE4A-2F4F-44D7-82BF-47859653F003}
		{78958487-B362-41D2-9788-37137BC011F4} = {6416373F-E422-4A0C-B2C8-EDE35B3E6F71}
		{DEDD4D6C-6154-4368-B228-BA6D84268AEA} = {2790B2D2-D63A-4728-A901-92DC6148675F}
		{0F3DAB28-193B-4C00-896E-1882DD7301A6} = {A24F82DA-7208-446E-8F6B-4B48E27FFAF7}
		{9CA4B454-380B-40C3-BDF9-F8592B6A2508} = {0F3DAB28-193B-4C00-896E-1882DD7301A6}
	EndGlobalSection
	GlobalSection(ExtensibilityGlobals) = postSolution
		SolutionGuid = {0106D7F1-2346-4E62-A2C5-CE432224A23A}
	EndGlobalSection
EndGlobal
